{
  "object": {
    "pins": [
      {
        "package": "Alamofire",
        "repositoryURL": "https://github.com/Alamofire/Alamofire",
        "state": {
          "branch": null,
          "revision": "becd9a729a37bdbef5bc39dc3c702b99f9e3d046",
          "version": "5.2.2"
        }
      },
      {
        "package": "InfomaniakLogin",
        "repositoryURL": "git@github.com:Infomaniak/ios-login.git",
        "state": {
          "branch": null,
          "revision": "851efe63de7ee211a9e87cc1c3c063b7015665f0",
          "version": "1.4.0"
        }
      },
      {
        "package": "LocalizeKit",
        "repositoryURL": "https://github.com/immortal79/LocalizeKit",
        "state": {
          "branch": null,
          "revision": "1abb86ce614ae8d925bf82123c7360ab95827975",
          "version": "1.0.1"
        }
      }
    ]
  },
  "version": 1
}
