{
  "object": {
    "pins": [
      {
        "package": "Alamofire",
        "repositoryURL": "https://github.com/Alamofire/Alamofire",
        "state": {
          "branch": null,
          "revision": "78424be314842833c04bc3bef5b72e85fff99204",
          "version": "5.6.4"
        }
      },
      {
        "package": "InfomaniakDI",
        "repositoryURL": "https://github.com/Infomaniak/ios-dependency-injection",
        "state": {
          "branch": null,
          "revision": "41a99aeb652d5294355129bfa70d1ea8c17b9980",
          "version": "1.1.10"
        }
      },
      {
        "package": "RealmDatabase",
        "repositoryURL": "https://github.com/realm/realm-core.git",
        "state": {
          "branch": null,
          "revision": "b77443ca7fa25407869ca537bf3ae912b1427bff",
          "version": "12.13.0"
        }
      },
      {
        "package": "Realm",
        "repositoryURL": "https://github.com/realm/realm-swift",
        "state": {
          "branch": null,
          "revision": "b1072f3ef733108dfcc62c2001781e5d65605fbf",
          "version": "10.34.1"
        }
      },
      {
        "package": "Sentry",
        "repositoryURL": "https://github.com/getsentry/sentry-cocoa",
        "state": {
          "branch": null,
          "revision": "cf43eac1aa12017868c257ad3854ad87a5de0758",
          "version": "7.31.5"
        }
      }
    ]
  },
  "version": 1
}
